
Microsoft Visual Studio Solution File, Format Version 12.00
# Visual Studio Version 16
VisualStudioVersion = 16.0.30804.86
MinimumVisualStudioVersion = 10.0.40219.1
Project("{FAE04EC0-301F-11D3-BF4B-00C04F79EFBC}") = "AS1ODolotii", "AS1ODolotii\AS1ODolotii.csproj", "{FD922AAE-0C5D-4AE7-9D93-87E1BC16F2EA}"
EndProject
Global
	GlobalSection(SolutionConfigurationPlatforms) = preSolution
		Debug|Any CPU = Debug|Any CPU
		Release|Any CPU = Release|Any CPU
	EndGlobalSection
	GlobalSection(ProjectConfigurationPlatforms) = postSolution
		{FD922AAE-0C5D-4AE7-9D93-87E1BC16F2EA}.Debug|Any CPU.ActiveCfg = Debug|Any CPU
		{FD922AAE-0C5D-4AE7-9D93-87E1BC16F2EA}.Debug|Any CPU.Build.0 = Debug|Any CPU
		{FD922AAE-0C5D-4AE7-9D93-87E1BC16F2EA}.Release|Any CPU.ActiveCfg = Release|Any CPU
		{FD922AAE-0C5D-4AE7-9D93-87E1BC16F2EA}.Release|Any CPU.Build.0 = Release|Any CPU
	EndGlobalSection
	GlobalSection(SolutionProperties) = preSolution
		HideSolutionNode = FALSE
	EndGlobalSection
	GlobalSection(ExtensibilityGlobals) = postSolution
		SolutionGuid = {1E938361-796F-46E7-B3AA-7EE14B4AB89D}
	EndGlobalSection
EndGlobal
